<?xml version="1.0" encoding="UTF-8" standalone="yes" ?>
<CodeBlocks_project_file>
	<FileVersion major="1" minor="6" />
	<Project>
		<Option title="duglplus" />
		<Option pch_mode="2" />
		<Option compiler="djgpp-crosscompiler" />
		<Build>
			<Target title="Debug">
				<Option output="bin/Debug/duglplus" prefix_auto="1" extension_auto="1" />
				<Option working_dir="" />
				<Option object_output="obj/Debug/" />
				<Option type="2" />
				<Option compiler="djgpp-crosscompiler" />
				<Option createDefFile="1" />
				<Compiler>
					<Add option="-march=k6" />
					<Add option="-Wall" />
					<Add option="-m32" />
					<Add option="-g" />
					<Add option="-Wall" />
					<Add option="-m32" />
				</Compiler>
				<Linker>
					<Add option="-static-libstdc++" />
					<Add option="-static-libgcc" />
					<Add option="-o3" />
					<Add option="-m32" />
				</Linker>
			</Target>
			<Target title="Release">
				<Option output="bin/Release/duglplus" prefix_auto="1" extension_auto="1" />
				<Option working_dir="" />
				<Option object_output="obj/Release/" />
				<Option type="2" />
				<Option compiler="djgpp-crosscompiler" />
				<Option createDefFile="1" />
				<Compiler>
					<Add option="-march=pentium-mmx" />
					<Add option="-fexpensive-optimizations" />
					<Add option="-O3" />
					<Add option="-Wall" />
					<Add option="-m32" />
				</Compiler>
				<Linker>
					<Add option="-O3" />
					<Add option="-s" />
					<Add option="-m32" />
				</Linker>
			</Target>
		</Build>
		<Compiler>
			<Add option="-m32" />
			<Add option="-x c++" />
			<Add directory="../dugl" />
		</Compiler>
		<Linker>
			<Add option="-static-libstdc++" />
			<Add option="-static-libgcc" />
			<Add option="-m32" />
		</Linker>
		<Unit filename="DGUI.H" />
		<Unit filename="DSOUND.H" />
		<Unit filename="DUGLPLUS.H" />
		<Unit filename="FLYOBJ.CC" />
		<Unit filename="GCNTXT.CC" />
		<Unit filename="GUI-UTIL.CC" />
		<Unit filename="GUI.CC" />
		<Unit filename="INTRDUGL.H" />
		<Unit filename="SOUNDC.C">
			<Option compilerVar="CC" />
		</Unit>
		<Unit filename="STRING.CC" />
		<Unit filename="dgfxutil.h" />
		<Unit filename="gfx-util.cc" />
		<Extensions>
			<lib_finder disable_auto="1" />
		</Extensions>
	</Project>
</CodeBlocks_project_file>
